{
  "name": "playground-import-map",
  "version": "1.0.0",
  "lockfileVersion": 2,
  "requires": true,
  "packages": {
    "": {
      "version": "1.0.0",
      "license": "ISC",
      "devDependencies": {
        "nano-server": "^0.5.4"
      }
    },
    "node_modules/nano-server": {
      "version": "0.5.4",
      "resolved": "https://registry.npmjs.org/nano-server/-/nano-server-0.5.4.tgz",
      "integrity": "sha1-ej+R3lhQgZ8G8Hxg2uqbQCvZ6z0=",
      "dev": true,
      "bin": {
        "nano-server": "nano-server"
      }
    }
  },
  "dependencies": {
    "nano-server": {
      "version": "0.5.4",
      "resolved": "https://registry.npmjs.org/nano-server/-/nano-server-0.5.4.tgz",
      "integrity": "sha1-ej+R3lhQgZ8G8Hxg2uqbQCvZ6z0=",
      "dev": true
    }
  }
}
